
Microsoft Visual Studio Solution File, Format Version 12.00
# Visual Studio Version 16
VisualStudioVersion = 16.0.30611.23
MinimumVisualStudioVersion = 10.0.40219.1
Project("{9A19103F-16F7-4668-BE54-9A1E7A4F7556}") = "WebDev.Application", "WebDev.Application\WebDev.Application.csproj", "{C642BD05-32D8-4BB3-B5F2-2A5C31185FAB}"
EndProject
Project("{FAE04EC0-301F-11D3-BF4B-00C04F79EFBC}") = "WebDev.Services", "WebDev.Services\WebDev.Services.csproj", "{9E97EB9A-1B24-4309-AD5B-6161C7CAFAA9}"
EndProject
Global
	GlobalSection(SolutionConfigurationPlatforms) = preSolution
		Debug|Any CPU = Debug|Any CPU
		Release|Any CPU = Release|Any CPU
	EndGlobalSection
	GlobalSection(ProjectConfigurationPlatforms) = postSolution
		{C642BD05-32D8-4BB3-B5F2-2A5C31185FAB}.Debug|Any CPU.ActiveCfg = Debug|Any CPU
		{C642BD05-32D8-4BB3-B5F2-2A5C31185FAB}.Debug|Any CPU.Build.0 = Debug|Any CPU
		{C642BD05-32D8-4BB3-B5F2-2A5C31185FAB}.Release|Any CPU.ActiveCfg = Release|Any CPU
		{C642BD05-32D8-4BB3-B5F2-2A5C31185FAB}.Release|Any CPU.Build.0 = Release|Any CPU
		{9E97EB9A-1B24-4309-AD5B-6161C7CAFAA9}.Debug|Any CPU.ActiveCfg = Debug|Any CPU
		{9E97EB9A-1B24-4309-AD5B-6161C7CAFAA9}.Debug|Any CPU.Build.0 = Debug|Any CPU
		{9E97EB9A-1B24-4309-AD5B-6161C7CAFAA9}.Release|Any CPU.ActiveCfg = Release|Any CPU
		{9E97EB9A-1B24-4309-AD5B-6161C7CAFAA9}.Release|Any CPU.Build.0 = Release|Any CPU
	EndGlobalSection
	GlobalSection(SolutionProperties) = preSolution
		HideSolutionNode = FALSE
	EndGlobalSection
	GlobalSection(ExtensibilityGlobals) = postSolution
		SolutionGuid = {05C7991A-05B4-42DE-B115-76EE06FCAED0}
	EndGlobalSection
EndGlobal
